{
  "name": "planegcs-typebox",
  "version": "1.1.1",
  "lockfileVersion": 3,
  "requires": true,
  "packages": {
    "": {
      "name": "planegcs-typebox",
      "version": "1.1.1",
      "license": "ISC",
      "dependencies": {
        "@salusoft89/planegcs": "^1.1.1"
      },
      "devDependencies": {
        "typescript": "^5.4.5"
      }
    },
    "node_modules/@salusoft89/planegcs": {
      "version": "1.1.1",
      "resolved": "https://registry.npmjs.org/@salusoft89/planegcs/-/planegcs-1.1.1.tgz",
      "integrity": "sha512-38mhjwcui+d8QeykQntwqNy4Uhz+6u5gY0Q+bLkOl9f3909CHDMiP8/jkJtmL6aNX4guH1fAY9gijk7NjBEPYw=="
    },
    "node_modules/typescript": {
      "version": "5.4.5",
      "resolved": "https://registry.npmjs.org/typescript/-/typescript-5.4.5.tgz",
      "integrity": "sha512-vcI4UpRgg81oIRUFwR0WSIHKt11nJ7SAVlYNIu+QpqeyXP+gpQJy/Z4+F0aGxSE4MqwjyXvW/TzgkLAx2AGHwQ==",
      "dev": true,
      "bin": {
        "tsc": "bin/tsc",
        "tsserver": "bin/tsserver"
      },
      "engines": {
        "node": ">=14.17"
      }
    }
  }
}
